
Microsoft Visual Studio Solution File, Format Version 12.00
# Visual Studio Version 16
VisualStudioVersion = 16.0.30711.63
MinimumVisualStudioVersion = 10.0.40219.1
Project("{FAE04EC0-301F-11D3-BF4B-00C04F79EFBC}") = "MTA", "MTA\MTA.csproj", "{B25208EE-B1C3-48EF-94BD-B26EECB0D563}"
EndProject
Global
	GlobalSection(SolutionConfigurationPlatforms) = preSolution
		Debug|Any CPU = Debug|Any CPU
		Release|Any CPU = Release|Any CPU
	EndGlobalSection
	GlobalSection(ProjectConfigurationPlatforms) = postSolution
		{B25208EE-B1C3-48EF-94BD-B26EECB0D563}.Debug|Any CPU.ActiveCfg = Debug|Any CPU
		{B25208EE-B1C3-48EF-94BD-B26EECB0D563}.Debug|Any CPU.Build.0 = Debug|Any CPU
		{B25208EE-B1C3-48EF-94BD-B26EECB0D563}.Release|Any CPU.ActiveCfg = Release|Any CPU
		{B25208EE-B1C3-48EF-94BD-B26EECB0D563}.Release|Any CPU.Build.0 = Release|Any CPU
	EndGlobalSection
	GlobalSection(SolutionProperties) = preSolution
		HideSolutionNode = FALSE
	EndGlobalSection
	GlobalSection(ExtensibilityGlobals) = postSolution
		SolutionGuid = {78E25415-C29B-4615-8591-F53FA8570ACA}
	EndGlobalSection
EndGlobal
